// !$*UTF8*$!
{
	archiveVersion = 1;
	classes = {
	};
	objectVersion = 46;
	objects = {

/* Begin PBXBuildFile section */
		F9B0B06C1E4895FD00091203 /* AppDelegate.swift in Sources */ = {isa = PBXBuildFile; fileRef = F9B0B06B1E4895FD00091203 /* AppDelegate.swift */; };
		F9B0B06E1E4895FD00091203 /* ViewController.swift in Sources */ = {isa = PBXBuildFile; fileRef = F9B0B06D1E4895FD00091203 /* ViewController.swift */; };
		F9B0B0711E4895FD00091203 /* Main.storyboard in Resources */ = {isa = PBXBuildFile; fileRef = F9B0B06F1E4895FD00091203 /* Main.storyboard */; };
		F9B0B0731E4895FD00091203 /* Assets.xcassets in Resources */ = {isa = PBXBuildFile; fileRef = F9B0B0721E4895FD00091203 /* Assets.xcassets */; };
		F9B0B0761E4895FD00091203 /* LaunchScreen.storyboard in Resources */ = {isa = PBXBuildFile; fileRef = F9B0B0741E4895FD00091203 /* LaunchScreen.storyboard */; };
/* End PBXBuildFile section */

/* Begin PBXFileReference section */
		F9B0B0681E4895FD00091203 /* SampleMap.app */ = {isa = PBXFileReference; explicitFileType = wrapper.application; includeInIndex = 0; path = SampleMap.app; sourceTree = BUILT_PRODUCTS_DIR; };
		F9B0B06B1E4895FD00091203 /* AppDelegate.swift */ = {isa = PBXFileReference; lastKnownFileType = sourcecode.swift; path = AppDelegate.swift; sourceTree = "<group>"; };
		F9B0B06D1E4895FD00091203 /* ViewController.swift */ = {isa = PBXFileReference; lastKnownFileType = sourcecode.swift; path = ViewController.swift; sourceTree = "<group>"; };
		F9B0B0701E4895FD00091203 /* Base */ = {isa = PBXFileReference; lastKnownFileType = file.storyboard; name = Base; path = Base.lproj/Main.storyboard; sourceTree = "<group>"; };
		F9B0B0721E4895FD00091203 /* Assets.xcassets */ = {isa = PBXFileReference; lastKnownFileType = folder.assetcatalog; path = Assets.xcassets; sourceTree = "<group>"; };
		F9B0B0751E4895FD00091203 /* Base */ = {isa = PBXFileReference; lastKnownFileType = file.storyboard; name = Base; path = Base.lproj/LaunchScreen.storyboard; sourceTree = "<group>"; };
		F9B0B0771E4895FD00091203 /* Info.plist */ = {isa = PBXFileReference; lastKnownFileType = text.plist.xml; path = Info.plist; sourceTree = "<group>"; };
/* End PBXFileReference section */

/* Begin PBXFrameworksBuildPhase section */
		F9B0B0651E4895FD00091203 /* Frameworks */ = {
			isa = PBXFrameworksBuildPhase;
			buildActionMask = 2147483647;
			files = (
			);
			runOnlyForDeploymentPostprocessing = 0;
		};
/* End PBXFrameworksBuildPhase section */

/* Begin PBXGroup section */
		F9B0B05F1E4895FD00091203 = {
			isa = PBXGroup;
			children = (
				F9B0B06A1E4895FD00091203 /* SampleMap */,
				F9B0B0691E4895FD00091203 /* Products */,
			);
			sourceTree = "<group>";
		};
		F9B0B0691E4895FD00091203 /* Products */ = {
			isa = PBXGroup;
			children = (
				F9B0B0681E4895FD00091203 /* SampleMap.app */,
			);
			name = Products;
			sourceTree = "<group>";
		};
		F9B0B06A1E4895FD00091203 /* SampleMap */ = {
			isa = PBXGroup;
			children = (
				F9B0B06B1E4895FD00091203 /* AppDelegate.swift */,
				F9B0B06D1E4895FD00091203 /* ViewController.swift */,
				F9B0B06F1E4895FD00091203 /* Main.storyboard */,
				F9B0B0721E4895FD00091203 /* Assets.xcassets */,
				F9B0B0741E4895FD00091203 /* LaunchScreen.storyboard */,
				F9B0B0771E4895FD00091203 /* Info.plist */,
			);
			path = SampleMap;
			sourceTree = "<group>";
		};
/* End PBXGroup section */

/* Begin PBXNativeTarget section */
		F9B0B0671E4895FD00091203 /* SampleMap */ = {
			isa = PBXNativeTarget;
			buildConfigurationList = F9B0B07A1E4895FD00091203 /* Build configuration list for PBXNativeTarget "SampleMap" */;
			buildPhases = (
				F9B0B0641E4895FD00091203 /* Sources */,
				F9B0B0651E4895FD00091203 /* Frameworks */,
				F9B0B0661E4895FD00091203 /* Resources */,
			);
			buildRules = (
			);
			dependencies = (
			);
			name = SampleMap;
			productName = SampleMap;
			productReference = F9B0B0681E4895FD00091203 /* SampleMap.app */;
			productType = "com.apple.product-type.application";
		};
/* End PBXNativeTarget section */

/* Begin PBXProject section */
		F9B0B0601E4895FD00091203 /* Project object */ = {
			isa = PBXProject;
			attributes = {
				LastSwiftUpdateCheck = 0730;
				LastUpgradeCheck = 0730;
				ORGANIZATIONNAME = spaceo;
				TargetAttributes = {
					F9B0B0671E4895FD00091203 = {
						CreatedOnToolsVersion = 7.3.1;
					};
				};
			};
			buildConfigurationList = F9B0B0631E4895FD00091203 /* Build configuration list for PBXProject "SampleMap" */;
			compatibilityVersion = "Xcode 3.2";
			developmentRegion = English;
			hasScannedForEncodings = 0;
			knownRegions = (
				en,
				Base,
			);
			mainGroup = F9B0B05F1E4895FD00091203;
			productRefGroup = F9B0B0691E4895FD00091203 /* Products */;
			projectDirPath = "";
			projectRoot = "";
			targets = (
				F9B0B0671E4895FD00091203 /* SampleMap */,
			);
		};
/* End PBXProject section */

/* Begin PBXResourcesBuildPhase section */
		F9B0B0661E4895FD00091203 /* Resources */ = {
			isa = PBXResourcesBuildPhase;
			buildActionMask = 2147483647;
			files = (
				F9B0B0761E4895FD00091203 /* LaunchScreen.storyboard in Resources */,
				F9B0B0731E4895FD00091203 /* Assets.xcassets in Resources */,
				F9B0B0711E4895FD00091203 /* Main.storyboard in Resources */,
			);
			runOnlyForDeploymentPostprocessing = 0;
		};
/* End PBXResourcesBuildPhase section */

/* Begin PBXSourcesBuildPhase section */
		F9B0B0641E4895FD00091203 /* Sources */ = {
			isa = PBXSourcesBuildPhase;
			buildActionMask = 2147483647;
			files = (
				F9B0B06E1E4895FD00091203 /* ViewController.swift in Sources */,
				F9B0B06C1E4895FD00091203 /* AppDelegate.swift in Sources */,
			);
			runOnlyForDeploymentPostprocessing = 0;
		};
/* End PBXSourcesBuildPhase section */

/* Begin PBXVariantGroup section */
		F9B0B06F1E4895FD00091203 /* Main.storyboard */ = {
			isa = PBXVariantGroup;
			children = (
				F9B0B0701E4895FD00091203 /* Base */,
			);
			name = Main.storyboard;
			sourceTree = "<group>";
		};
		F9B0B0741E4895FD00091203 /* LaunchScreen.storyboard */ = {
			isa = PBXVariantGroup;
			children = (
				F9B0B0751E4895FD00091203 /* Base */,
			);
			name = LaunchScreen.storyboard;
			sourceTree = "<group>";
		};
/* End PBXVariantGroup section */

/* Begin XCBuildConfiguration section */
		F9B0B0781E4895FD00091203 /* Debug */ = {
			isa = XCBuildConfiguration;
			buildSettings = {
				ALWAYS_SEARCH_USER_PATHS = NO;
				CLANG_ANALYZER_NONNULL = YES;
				CLANG_CXX_LANGUAGE_STANDARD = "gnu++0x";
				CLANG_CXX_LIBRARY = "libc++";
				CLANG_ENABLE_MODULES = YES;
				CLANG_ENABLE_OBJC_ARC = YES;
				CLANG_WARN_BOOL_CONVERSION = YES;
				CLANG_WARN_CONSTANT_CONVERSION = YES;
				CLANG_WARN_DIRECT_OBJC_ISA_USAGE = YES_ERROR;
				CLANG_WARN_EMPTY_BODY = YES;
				CLANG_WARN_ENUM_CONVERSION = YES;
				CLANG_WARN_INT_CONVERSION = YES;
				CLANG_WARN_OBJC_ROOT_CLASS = YES_ERROR;
				CLANG_WARN_UNREACHABLE_CODE = YES;
				CLANG_WARN__DUPLICATE_METHOD_MATCH = YES;
				"CODE_SIGN_IDENTITY[sdk=iphoneos*]" = "iPhone Developer";
				COPY_PHASE_STRIP = NO;
				DEBUG_INFORMATION_FORMAT = dwarf;
				ENABLE_STRICT_OBJC_MSGSEND = YES;
				ENABLE_TESTABILITY = YES;
				GCC_C_LANGUAGE_STANDARD = gnu99;
				GCC_DYNAMIC_NO_PIC = NO;
				GCC_NO_COMMON_BLOCKS = YES;
				GCC_OPTIMIZATION_LEVEL = 0;
				GCC_PREPROCESSOR_DEFINITIONS = (
					"DEBUG=1",
					"$(inherited)",
				);
				GCC_WARN_64_TO_32_BIT_CONVERSION = YES;
				GCC_WARN_ABOUT_RETURN_TYPE = YES_ERROR;
				GCC_WARN_UNDECLARED_SELECTOR = YES;
				GCC_WARN_UNINITIALIZED_AUTOS = YES_AGGRESSIVE;
				GCC_WARN_UNUSED_FUNCTION = YES;
				GCC_WARN_UNUSED_VARIABLE = YES;
				IPHONEOS_DEPLOYMENT_TARGET = 9.3;
				MTL_ENABLE_DEBUG_INFO = YES;
				ONLY_ACTIVE_ARCH = YES;
				SDKROOT = iphoneos;
				SWIFT_OPTIMIZATION_LEVEL = "-Onone";
			};
			name = Debug;
		};
		F9B0B0791E4895FD00091203 /* Release */ = {
			isa = XCBuildConfiguration;
			buildSettings = {
				ALWAYS_SEARCH_USER_PATHS = NO;
				CLANG_ANALYZER_NONNULL = YES;
				CLANG_CXX_LANGUAGE_STANDARD = "gnu++0x";
				CLANG_CXX_LIBRARY = "libc++";
				CLANG_ENABLE_MODULES = YES;
				CLANG_ENABLE_OBJC_ARC = YES;
				CLANG_WARN_BOOL_CONVERSION = YES;
				CLANG_WARN_CONSTANT_CONVERSION = YES;
				CLANG_WARN_DIRECT_OBJC_ISA_USAGE = YES_ERROR;
				CLANG_WARN_EMPTY_BODY = YES;
				CLANG_WARN_ENUM_CONVERSION = YES;
				CLANG_WARN_INT_CONVERSION = YES;
				CLANG_WARN_OBJC_ROOT_CLASS = YES_ERROR;
				CLANG_WARN_UNREACHABLE_CODE = YES;
				CLANG_WARN__DUPLICATE_METHOD_MATCH = YES;
				"CODE_SIGN_IDENTITY[sdk=iphoneos*]" = "iPhone Developer";
				COPY_PHASE_STRIP = NO;
				DEBUG_INFORMATION_FORMAT = "dwarf-with-dsym";
				ENABLE_NS_ASSERTIONS = NO;
				ENABLE_STRICT_OBJC_MSGSEND = YES;
				GCC_C_LANGUAGE_STANDARD = gnu99;
				GCC_NO_COMMON_BLOCKS = YES;
				GCC_WARN_64_TO_32_BIT_CONVERSION = YES;
				GCC_WARN_ABOUT_RETURN_TYPE = YES_ERROR;
				GCC_WARN_UNDECLARED_SELECTOR = YES;
				GCC_WARN_UNINITIALIZED_AUTOS = YES_AGGRESSIVE;
				GCC_WARN_UNUSED_FUNCTION = YES;
				GCC_WARN_UNUSED_VARIABLE = YES;
				IPHONEOS_DEPLOYMENT_TARGET = 9.3;
				MTL_ENABLE_DEBUG_INFO = NO;
				SDKROOT = iphoneos;
				VALIDATE_PRODUCT = YES;
			};
			name = Release;
		};
		F9B0B07B1E4895FD00091203 /* Debug */ = {
			isa = XCBuildConfiguration;
			buildSettings = {
				ASSETCATALOG_COMPILER_APPICON_NAME = AppIcon;
				INFOPLIST_FILE = SampleMap/Info.plist;
				LD_RUNPATH_SEARCH_PATHS = "$(inherited) @executable_path/Frameworks";
				PRODUCT_BUNDLE_IDENTIFIER = com.company.map.SampleMap;
				PRODUCT_NAME = "$(TARGET_NAME)";
			};
			name = Debug;
		};
		F9B0B07C1E4895FD00091203 /* Release */ = {
			isa = XCBuildConfiguration;
			buildSettings = {
				ASSETCATALOG_COMPILER_APPICON_NAME = AppIcon;
				INFOPLIST_FILE = SampleMap/Info.plist;
				LD_RUNPATH_SEARCH_PATHS = "$(inherited) @executable_path/Frameworks";
				PRODUCT_BUNDLE_IDENTIFIER = com.company.map.SampleMap;
				PRODUCT_NAME = "$(TARGET_NAME)";
			};
			name = Release;
		};
/* End XCBuildConfiguration section */

/* Begin XCConfigurationList section */
		F9B0B0631E4895FD00091203 /* Build configuration list for PBXProject "SampleMap" */ = {
			isa = XCConfigurationList;
			buildConfigurations = (
				F9B0B0781E4895FD00091203 /* Debug */,
				F9B0B0791E4895FD00091203 /* Release */,
			);
			defaultConfigurationIsVisible = 0;
			defaultConfigurationName = Release;
		};
		F9B0B07A1E4895FD00091203 /* Build configuration list for PBXNativeTarget "SampleMap" */ = {
			isa = XCConfigurationList;
			buildConfigurations = (
				F9B0B07B1E4895FD00091203 /* Debug */,
				F9B0B07C1E4895FD00091203 /* Release */,
			);
			defaultConfigurationIsVisible = 0;
		};
/* End XCConfigurationList section */
	};
	rootObject = F9B0B0601E4895FD00091203 /* Project object */;
}
